# This file is generated by running "yarn install" inside your project.
# Manual changes might be lost - proceed with caution!

__metadata:
  version: 4

"@types/node@npm:*":
  version: 13.5.0
  resolution: "@types/node@npm:13.5.0"
  checksum: c168b6228f3a0845fa7530169b5c25dfce069f5cd315ebaade02875eaadbea8eca8dc1337b6b1996ee268b1d649aaef89c2aafa452b2b24f4235eaecf83b4941
  languageName: node
  linkType: hard

"axios@npm:^0.19.2":
  version: 0.19.2
  resolution: "axios@npm:0.19.2"
  dependencies:
    follow-redirects: 1.5.10
  checksum: 28c860c203dc1e545a899eea83c95c51bb7de4a21ffef4781de11331207371c9cb1a680bcc7122dda936cd5e51f83f7b0a0eccc50801229b5e4914c8f2dd8907
  languageName: node
  linkType: hard

"boolbase@npm:~1.0.0":
  version: 1.0.0
  resolution: "boolbase@npm:1.0.0"
  checksum: 510001ad1788f3d68db948140f2efdbd7d1af0c5d5fd2f41ddfabf8f938dcc277511bd220b7f8a93f2059bb748f338ac421456db37981245d11ad9dd69a8fd81
  languageName: node
  linkType: hard

"cheerio@npm:^1.0.0-rc.3":
  version: 1.0.0-rc.3
  resolution: "cheerio@npm:1.0.0-rc.3"
  dependencies:
    css-select: ~1.2.0
    dom-serializer: ~0.1.1
    entities: ~1.1.1
    htmlparser2: ^3.9.1
    lodash: ^4.15.0
    parse5: ^3.0.1
  checksum: e7b32cc31039cd0944bd76d5fd83bd461cdbb88fee10918dcfa40831f54c19122400db18a2697c10882b4dd641061b8c224523dc069833d4a8cb662e06be403e
  languageName: node
  linkType: hard

"css-select@npm:~1.2.0":
  version: 1.2.0
  resolution: "css-select@npm:1.2.0"
  dependencies:
    boolbase: ~1.0.0
    css-what: 2.1
    domutils: 1.5.1
    nth-check: ~1.0.1
  checksum: a6ae8d381f75cd6d46e0d59fd2448a6c5541e9f94ab7e1ebfaa053719615d15c440df8390ed6dbbebe233327c1253dc6b993e61dfa0e82155f1c7cf3557f44a8
  languageName: node
  linkType: hard

"css-what@npm:2.1":
  version: 2.1.3
  resolution: "css-what@npm:2.1.3"
  checksum: 6baa8bcd854935617ad040451193c452a008e2b88f09f556b8fbb2af7efc73c6121b552eddcca5becbbace3d2a4c6f8d8f5f23337a682618619b6ab9add76e2d
  languageName: node
  linkType: hard

"cubapi@workspace:.":
  version: 0.0.0-use.local
  resolution: "cubapi@workspace:."
  dependencies:
    axios: ^0.19.2
    cheerio: ^1.0.0-rc.3
  languageName: unknown
  linkType: soft

"debug@npm:=3.1.0":
  version: 3.1.0
  resolution: "debug@npm:3.1.0"
  dependencies:
    ms: 2.0.0
  checksum: 31ac62be845b3e2bc49ea566665749e58030123e6d0b2960cb7c730037dc825f46d012e3f63f43fc9d60de3c52edbce705d22cb7e571e2822c81bc5d5ae09da9
  languageName: node
  linkType: hard

"dom-serializer@npm:0, dom-serializer@npm:~0.1.1":
  version: 0.1.1
  resolution: "dom-serializer@npm:0.1.1"
  dependencies:
    domelementtype: ^1.3.0
    entities: ^1.1.1
  checksum: ea1ae952b1ca7e0eb96824fc646bd3572b9d2bc099e1a9048c51aeb3df2071f3a4462b6e5c54153a3eaefe288ce9dd4c4792ad2b0c771645e363f27f799b42e3
  languageName: node
  linkType: hard

"domelementtype@npm:1, domelementtype@npm:^1.3.0, domelementtype@npm:^1.3.1":
  version: 1.3.1
  resolution: "domelementtype@npm:1.3.1"
  checksum: 629916b0e687f19e347e82d02d9b027e7e913af18933604af7267fae769111177706cd429aa7afb6f6e9e205a7ede61b1decccdf88e042234136141cd79f8fcd
  languageName: node
  linkType: hard

"domhandler@npm:^2.3.0":
  version: 2.4.2
  resolution: "domhandler@npm:2.4.2"
  dependencies:
    domelementtype: 1
  checksum: 549146a8e1985a829685ba889a1aa6b066da9e7e70789083712edf46ed9c6732992676467d954e80921eee667ee82e922422896669f44a1c5d711edf780644bb
  languageName: node
  linkType: hard

"domutils@npm:1.5.1":
  version: 1.5.1
  resolution: "domutils@npm:1.5.1"
  dependencies:
    dom-serializer: 0
    domelementtype: 1
  checksum: e20cf7ab988002fc4ecf5a5dee0737cf24f289f9dd36b4a4bf70a1793cd9db473b8d2d3e4e54d04f8e4b150753b4c5a51d62dfce498301e7fa93407b156ce61e
  languageName: node
  linkType: hard

"domutils@npm:^1.5.1":
  version: 1.7.0
  resolution: "domutils@npm:1.7.0"
  dependencies:
    dom-serializer: 0
    domelementtype: 1
  checksum: f8d7ab4be9f555e8307080fae4de69a1bf31fa71988320f9e6667a51e5af161052f1a01c41418b2ecaddf24d5bd7ad86151b1f2be4dca4de843cd05a29c3cb5a
  languageName: node
  linkType: hard

"entities@npm:^1.1.1, entities@npm:~1.1.1":
  version: 1.1.2
  resolution: "entities@npm:1.1.2"
  checksum: 5932e4e60e4606f6be7547d6e8ee5bea2962d7457d06d32b0fa6f2cec4eeffa49642ee9114fea58c43a308393310497752c283521bfa0868cf3281f86a0302a7
  languageName: node
  linkType: hard

"follow-redirects@npm:1.5.10":
  version: 1.5.10
  resolution: "follow-redirects@npm:1.5.10"
  dependencies:
    debug: =3.1.0
  checksum: 23c6333d60b73b899f9495d67b3dd5b2b99c26cd76278d03def3c39c715f0eed53cbfe1eb1e342a7281041961fe2c69c03daa97279df66a552ab6fb3d22059fc
  languageName: node
  linkType: hard

"htmlparser2@npm:^3.9.1":
  version: 3.10.1
  resolution: "htmlparser2@npm:3.10.1"
  dependencies:
    domelementtype: ^1.3.1
    domhandler: ^2.3.0
    domutils: ^1.5.1
    entities: ^1.1.1
    inherits: ^2.0.1
    readable-stream: ^3.1.1
  checksum: bc83125f79ca2eca52dc55a543c477074b27350ae20c54abc25863455fd42e0a11bbff1e4c471a42530bea0dc22bd9417ad12ff560180c4d99abb7889f693be3
  languageName: node
  linkType: hard

"inherits@npm:^2.0.1, inherits@npm:^2.0.3":
  version: 2.0.4
  resolution: "inherits@npm:2.0.4"
  checksum: d11734fde3095ce63e83a4be33779c8597b0c95edec3efcadf9a78a9312a520028e25acb2d126656005791550f9f2e17de3ea6abeb026fa24627401e5e174d6c
  languageName: node
  linkType: hard

"lodash@npm:^4.15.0":
  version: 4.17.15
  resolution: "lodash@npm:4.17.15"
  checksum: b018ec8d4c95f14a4b57005a247eca1bc25639322939471a1958d3bc721b4f18e90edb6ea564854593a8bc1f94956a0352cf0cd372991b98c42d61c0cd11e5a3
  languageName: node
  linkType: hard

"ms@npm:2.0.0":
  version: 2.0.0
  resolution: "ms@npm:2.0.0"
  checksum: 531c5c3f1d224510ab703166ad6883762bfbc0465c5b43dd8e2aa29e95ac141ca77e5704b7810d4c649d45580e9f78fa8febfe9ffec6a08424033f31089c83fd
  languageName: node
  linkType: hard

"nth-check@npm:~1.0.1":
  version: 1.0.2
  resolution: "nth-check@npm:1.0.2"
  dependencies:
    boolbase: ~1.0.0
  checksum: e2f91aecddbcc587c14edb357c4ddce8bf484b716dbadcbac03f0a9d2c89b675efb781366a89c309446ccc5f10e78240832d3a72cb21f6f6d38c690bd6ecfbed
  languageName: node
  linkType: hard

"parse5@npm:^3.0.1":
  version: 3.0.3
  resolution: "parse5@npm:3.0.3"
  dependencies:
    "@types/node": "*"
  checksum: 639b6b3cfc988985b7afbc0e139f9bd22e31781188ebf605428b5a0bef09b609b1cc8b704cfe4e2d6b586bf90a595d7f27c556136da1fce4532f218f60a9c02b
  languageName: node
  linkType: hard

"readable-stream@npm:^3.1.1":
  version: 3.5.0
  resolution: "readable-stream@npm:3.5.0"
  dependencies:
    inherits: ^2.0.3
    string_decoder: ^1.1.1
    util-deprecate: ^1.0.1
  checksum: 4477776d5eeef8f3cf6541d2fb450c16db2b4a114e936f9cc2b8ebe897b6b526a1d328ebe1cf886da2e99932057abaf8a227561a74c0c1088d50bf1223c69d29
  languageName: node
  linkType: hard

"safe-buffer@npm:~5.2.0":
  version: 5.2.0
  resolution: "safe-buffer@npm:5.2.0"
  checksum: 4577ff3526b671703fa907756021c0cf1360d664c7a4b2db07fedaf3a63df00f6638a16aa8d43d56658e73bd56eab432767b5b2ae3d138e77b875f77529338f3
  languageName: node
  linkType: hard

"string_decoder@npm:^1.1.1":
  version: 1.3.0
  resolution: "string_decoder@npm:1.3.0"
  dependencies:
    safe-buffer: ~5.2.0
  checksum: 35d2847ef06201a83990a864a5c4643581e8c34911ab22b9548c165b52f37059c7bb230a435607d1fbea70b51cc0b3c7c02e886c9a194b374854bb9edff407cd
  languageName: node
  linkType: hard

"util-deprecate@npm:^1.0.1":
  version: 1.0.2
  resolution: "util-deprecate@npm:1.0.2"
  checksum: 7bd691844e8e12f228777c3c718efaee35284c4422cf215f394fc2b56b5bbc8fef979fc1ab086e66f195227941270d7267c8105e871617f27fa292ec9fa83933
  languageName: node
  linkType: hard
